
Microsoft Visual Studio Solution File, Format Version 12.00
Project("{FAE04EC0-301F-11D3-BF4B-00C04F79EFBC}") = "Realtime", "Realtime\Realtime.csproj", "{7F4F6D76-B202-4C98-B341-5A5E66CEFB2D}"
EndProject
Project("{FAE04EC0-301F-11D3-BF4B-00C04F79EFBC}") = "Sample", "Sample\Sample.csproj", "{17116BB7-E221-4B7F-9686-2C0E981301FA}"
EndProject
Project("{FAE04EC0-301F-11D3-BF4B-00C04F79EFBC}") = "SourceGenerator", "SourceGenerator\SourceGenerator.csproj", "{CAD8562C-3F7F-4DBD-8074-6A087A566BB5}"
EndProject
Global
	GlobalSection(SolutionConfigurationPlatforms) = preSolution
		Debug|Any CPU = Debug|Any CPU
		Release|Any CPU = Release|Any CPU
	EndGlobalSection
	GlobalSection(ProjectConfigurationPlatforms) = postSolution
		{7F4F6D76-B202-4C98-B341-5A5E66CEFB2D}.Debug|Any CPU.ActiveCfg = Debug|Any CPU
		{7F4F6D76-B202-4C98-B341-5A5E66CEFB2D}.Debug|Any CPU.Build.0 = Debug|Any CPU
		{7F4F6D76-B202-4C98-B341-5A5E66CEFB2D}.Release|Any CPU.ActiveCfg = Release|Any CPU
		{7F4F6D76-B202-4C98-B341-5A5E66CEFB2D}.Release|Any CPU.Build.0 = Release|Any CPU
		{17116BB7-E221-4B7F-9686-2C0E981301FA}.Debug|Any CPU.ActiveCfg = Debug|Any CPU
		{17116BB7-E221-4B7F-9686-2C0E981301FA}.Debug|Any CPU.Build.0 = Debug|Any CPU
		{17116BB7-E221-4B7F-9686-2C0E981301FA}.Release|Any CPU.ActiveCfg = Release|Any CPU
		{17116BB7-E221-4B7F-9686-2C0E981301FA}.Release|Any CPU.Build.0 = Release|Any CPU
		{CAD8562C-3F7F-4DBD-8074-6A087A566BB5}.Debug|Any CPU.ActiveCfg = Debug|Any CPU
		{CAD8562C-3F7F-4DBD-8074-6A087A566BB5}.Debug|Any CPU.Build.0 = Debug|Any CPU
		{CAD8562C-3F7F-4DBD-8074-6A087A566BB5}.Release|Any CPU.ActiveCfg = Release|Any CPU
		{CAD8562C-3F7F-4DBD-8074-6A087A566BB5}.Release|Any CPU.Build.0 = Release|Any CPU
	EndGlobalSection
EndGlobal
